
Microsoft Visual Studio Solution File, Format Version 12.00
# Visual Studio Version 17
VisualStudioVersion = 17.2.32519.379
MinimumVisualStudioVersion = 10.0.40219.1
Project("{2150E333-8FDC-42A3-9474-1A3956D46DE8}") = "Test", "Test", "{BF604B02-EA9B-4EE8-A7F0-EDD07B387082}"
EndProject
Project("{2150E333-8FDC-42A3-9474-1A3956D46DE8}") = "Src", "Src", "{076B77A3-2483-43F0-9675-10B06DD3A6E6}"
EndProject
Project("{2150E333-8FDC-42A3-9474-1A3956D46DE8}") = "Core", "Core", "{774CCD7D-ED3B-4D75-8A7F-CEFC745765DB}"
EndProject
Project("{2150E333-8FDC-42A3-9474-1A3956D46DE8}") = "API", "API", "{98BEA6C6-7D0C-4A74-86D3-804C1C4A952A}"
EndProject
Project("{9A19103F-16F7-4668-BE54-9A1E7A4F7556}") = "Webshop.Catalog.Application", "Webshop.Catalog.Application\Webshop.Catalog.Application.csproj", "{BB4065A0-4F12-4A4F-AB3A-02F5EDBDC364}"
EndProject
Project("{9A19103F-16F7-4668-BE54-9A1E7A4F7556}") = "Webshop.Application", "Webshop.Application\Webshop.Application.csproj", "{A30CBE0D-AC3B-42DA-9B2C-A2720CF93E18}"
EndProject
Project("{9A19103F-16F7-4668-BE54-9A1E7A4F7556}") = "Webshop.Domain", "Webshop.Domain\Webshop.Domain.csproj", "{E9E74BD8-9237-4CB9-B467-71D693A2EBA9}"
EndProject
Project("{9A19103F-16F7-4668-BE54-9A1E7A4F7556}") = "Webshop.Customer.Application", "Webshop.Customer.Application\Webshop.Customer.Application.csproj", "{01A48F13-3A26-4E55-88C6-9586F8770719}"
EndProject
Project("{2150E333-8FDC-42A3-9474-1A3956D46DE8}") = "Infrastructure", "Infrastructure", "{1E6BED77-EB85-4EC8-BE0F-7E8A57F3D4AF}"
EndProject
Project("{9A19103F-16F7-4668-BE54-9A1E7A4F7556}") = "Webshop.Customer.Api", "Webshop.Customer.Api\Webshop.Customer.Api.csproj", "{62F3CE9E-F64E-4E49-AE43-7F39939B1326}"
EndProject
Project("{2150E333-8FDC-42A3-9474-1A3956D46DE8}") = "Database Seed", "Database Seed", "{9D03B617-1222-4FAA-8C4F-C2F7430FC496}"
	ProjectSection(SolutionItems) = preProject
		Category.sql = Category.sql
		Customers.sql = Customers.sql
		Product.sql = Product.sql
		ProductCategory.sql = ProductCategory.sql
		Seed Demo Customers.sql = Seed Demo Customers.sql
	EndProjectSection
EndProject
Project("{9A19103F-16F7-4668-BE54-9A1E7A4F7556}") = "Webshop.Customer.Persistence", "Webshop.Customer.Persistence\Webshop.Customer.Persistence.csproj", "{29BE63A8-5FEB-4C07-A0DD-89161A1513DF}"
EndProject
Project("{9A19103F-16F7-4668-BE54-9A1E7A4F7556}") = "Webshop.Customer.Application.Test", "Webshop.Customer.Application.Test\Webshop.Customer.Application.Test.csproj", "{8C9C1E24-70ED-470B-9CA3-026EC06AC89A}"
EndProject
Project("{9A19103F-16F7-4668-BE54-9A1E7A4F7556}") = "Webshop.Catalog.Domain", "Webshop.Catalog.Domain\Webshop.Catalog.Domain.csproj", "{92C95CBF-34E1-446C-8A6A-C35CB02C1036}"
EndProject
Project("{9A19103F-16F7-4668-BE54-9A1E7A4F7556}") = "Webshop.Catalog.Api", "Webshop.Catalog.Api\Webshop.Catalog.Api.csproj", "{22054235-5C0C-402B-A353-082290E07760}"
EndProject
Project("{9A19103F-16F7-4668-BE54-9A1E7A4F7556}") = "Webshop.Catalog.Persistence", "Webshop.Catalog.Persistence\Webshop.Catalog.Persistence.csproj", "{CB696684-000D-40B3-9B3A-CE33027A6F86}"
EndProject
Project("{9A19103F-16F7-4668-BE54-9A1E7A4F7556}") = "Webshop.Data.Persistence", "Webshop.Data.Persistence\Webshop.Data.Persistence.csproj", "{3A7E7069-45EC-4D5E-AA5F-2B914EF73113}"
EndProject
Project("{9A19103F-16F7-4668-BE54-9A1E7A4F7556}") = "Webshop.Payment.Api", "Webshop.Payment.Api\Webshop.Payment.Api.csproj", "{EC37B594-F591-415B-BD9C-A9AE82FD24AC}"
EndProject
Project("{9A19103F-16F7-4668-BE54-9A1E7A4F7556}") = "Webshop.Payment.Test", "Webshop.Payment.Test\Webshop.Payment.Test.csproj", "{9105EC15-95E5-47D6-8BDD-0684CD9EF880}"
EndProject
Project("{2150E333-8FDC-42A3-9474-1A3956D46DE8}") = "Docker", "Docker", "{75AFF816-1819-450B-8D19-E4CBD80530B0}"
	ProjectSection(SolutionItems) = preProject
		docker-compose.yml = docker-compose.yml
	EndProjectSection
EndProject
Project("{9A19103F-16F7-4668-BE54-9A1E7A4F7556}") = "Webshop.Help", "Webshop.Help\Webshop.Help.csproj", "{9A5052E1-74A6-45D4-9EEE-046F3D0D21FA}"
EndProject
Project("{FAE04EC0-301F-11D3-BF4B-00C04F79EFBC}") = "Webshop.Catalog.Application.Test", "Webshop.Catalog.Application.Test\Webshop.Catalog.Application.Test.csproj", "{854FE61B-35AA-4526-87A9-F5821ACDCD6A}"
EndProject
Global
	GlobalSection(SolutionConfigurationPlatforms) = preSolution
		Debug|Any CPU = Debug|Any CPU
		Release|Any CPU = Release|Any CPU
	EndGlobalSection
	GlobalSection(ProjectConfigurationPlatforms) = postSolution
		{BB4065A0-4F12-4A4F-AB3A-02F5EDBDC364}.Debug|Any CPU.ActiveCfg = Debug|Any CPU
		{BB4065A0-4F12-4A4F-AB3A-02F5EDBDC364}.Debug|Any CPU.Build.0 = Debug|Any CPU
		{BB4065A0-4F12-4A4F-AB3A-02F5EDBDC364}.Release|Any CPU.ActiveCfg = Release|Any CPU
		{BB4065A0-4F12-4A4F-AB3A-02F5EDBDC364}.Release|Any CPU.Build.0 = Release|Any CPU
		{A30CBE0D-AC3B-42DA-9B2C-A2720CF93E18}.Debug|Any CPU.ActiveCfg = Debug|Any CPU
		{A30CBE0D-AC3B-42DA-9B2C-A2720CF93E18}.Debug|Any CPU.Build.0 = Debug|Any CPU
		{A30CBE0D-AC3B-42DA-9B2C-A2720CF93E18}.Release|Any CPU.ActiveCfg = Release|Any CPU
		{A30CBE0D-AC3B-42DA-9B2C-A2720CF93E18}.Release|Any CPU.Build.0 = Release|Any CPU
		{E9E74BD8-9237-4CB9-B467-71D693A2EBA9}.Debug|Any CPU.ActiveCfg = Debug|Any CPU
		{E9E74BD8-9237-4CB9-B467-71D693A2EBA9}.Debug|Any CPU.Build.0 = Debug|Any CPU
		{E9E74BD8-9237-4CB9-B467-71D693A2EBA9}.Release|Any CPU.ActiveCfg = Release|Any CPU
		{E9E74BD8-9237-4CB9-B467-71D693A2EBA9}.Release|Any CPU.Build.0 = Release|Any CPU
		{01A48F13-3A26-4E55-88C6-9586F8770719}.Debug|Any CPU.ActiveCfg = Debug|Any CPU
		{01A48F13-3A26-4E55-88C6-9586F8770719}.Debug|Any CPU.Build.0 = Debug|Any CPU
		{01A48F13-3A26-4E55-88C6-9586F8770719}.Release|Any CPU.ActiveCfg = Release|Any CPU
		{01A48F13-3A26-4E55-88C6-9586F8770719}.Release|Any CPU.Build.0 = Release|Any CPU
		{62F3CE9E-F64E-4E49-AE43-7F39939B1326}.Debug|Any CPU.ActiveCfg = Debug|Any CPU
		{62F3CE9E-F64E-4E49-AE43-7F39939B1326}.Debug|Any CPU.Build.0 = Debug|Any CPU
		{62F3CE9E-F64E-4E49-AE43-7F39939B1326}.Release|Any CPU.ActiveCfg = Release|Any CPU
		{62F3CE9E-F64E-4E49-AE43-7F39939B1326}.Release|Any CPU.Build.0 = Release|Any CPU
		{29BE63A8-5FEB-4C07-A0DD-89161A1513DF}.Debug|Any CPU.ActiveCfg = Debug|Any CPU
		{29BE63A8-5FEB-4C07-A0DD-89161A1513DF}.Debug|Any CPU.Build.0 = Debug|Any CPU
		{29BE63A8-5FEB-4C07-A0DD-89161A1513DF}.Release|Any CPU.ActiveCfg = Release|Any CPU
		{29BE63A8-5FEB-4C07-A0DD-89161A1513DF}.Release|Any CPU.Build.0 = Release|Any CPU
		{8C9C1E24-70ED-470B-9CA3-026EC06AC89A}.Debug|Any CPU.ActiveCfg = Debug|Any CPU
		{8C9C1E24-70ED-470B-9CA3-026EC06AC89A}.Debug|Any CPU.Build.0 = Debug|Any CPU
		{8C9C1E24-70ED-470B-9CA3-026EC06AC89A}.Release|Any CPU.ActiveCfg = Release|Any CPU
		{8C9C1E24-70ED-470B-9CA3-026EC06AC89A}.Release|Any CPU.Build.0 = Release|Any CPU
		{92C95CBF-34E1-446C-8A6A-C35CB02C1036}.Debug|Any CPU.ActiveCfg = Debug|Any CPU
		{92C95CBF-34E1-446C-8A6A-C35CB02C1036}.Debug|Any CPU.Build.0 = Debug|Any CPU
		{92C95CBF-34E1-446C-8A6A-C35CB02C1036}.Release|Any CPU.ActiveCfg = Release|Any CPU
		{92C95CBF-34E1-446C-8A6A-C35CB02C1036}.Release|Any CPU.Build.0 = Release|Any CPU
		{22054235-5C0C-402B-A353-082290E07760}.Debug|Any CPU.ActiveCfg = Debug|Any CPU
		{22054235-5C0C-402B-A353-082290E07760}.Debug|Any CPU.Build.0 = Debug|Any CPU
		{22054235-5C0C-402B-A353-082290E07760}.Release|Any CPU.ActiveCfg = Release|Any CPU
		{22054235-5C0C-402B-A353-082290E07760}.Release|Any CPU.Build.0 = Release|Any CPU
		{CB696684-000D-40B3-9B3A-CE33027A6F86}.Debug|Any CPU.ActiveCfg = Debug|Any CPU
		{CB696684-000D-40B3-9B3A-CE33027A6F86}.Debug|Any CPU.Build.0 = Debug|Any CPU
		{CB696684-000D-40B3-9B3A-CE33027A6F86}.Release|Any CPU.ActiveCfg = Release|Any CPU
		{CB696684-000D-40B3-9B3A-CE33027A6F86}.Release|Any CPU.Build.0 = Release|Any CPU
		{3A7E7069-45EC-4D5E-AA5F-2B914EF73113}.Debug|Any CPU.ActiveCfg = Debug|Any CPU
		{3A7E7069-45EC-4D5E-AA5F-2B914EF73113}.Debug|Any CPU.Build.0 = Debug|Any CPU
		{3A7E7069-45EC-4D5E-AA5F-2B914EF73113}.Release|Any CPU.ActiveCfg = Release|Any CPU
		{3A7E7069-45EC-4D5E-AA5F-2B914EF73113}.Release|Any CPU.Build.0 = Release|Any CPU
		{EC37B594-F591-415B-BD9C-A9AE82FD24AC}.Debug|Any CPU.ActiveCfg = Debug|Any CPU
		{EC37B594-F591-415B-BD9C-A9AE82FD24AC}.Debug|Any CPU.Build.0 = Debug|Any CPU
		{EC37B594-F591-415B-BD9C-A9AE82FD24AC}.Release|Any CPU.ActiveCfg = Release|Any CPU
		{EC37B594-F591-415B-BD9C-A9AE82FD24AC}.Release|Any CPU.Build.0 = Release|Any CPU
		{9105EC15-95E5-47D6-8BDD-0684CD9EF880}.Debug|Any CPU.ActiveCfg = Debug|Any CPU
		{9105EC15-95E5-47D6-8BDD-0684CD9EF880}.Debug|Any CPU.Build.0 = Debug|Any CPU
		{9105EC15-95E5-47D6-8BDD-0684CD9EF880}.Release|Any CPU.ActiveCfg = Release|Any CPU
		{9105EC15-95E5-47D6-8BDD-0684CD9EF880}.Release|Any CPU.Build.0 = Release|Any CPU
		{9A5052E1-74A6-45D4-9EEE-046F3D0D21FA}.Debug|Any CPU.ActiveCfg = Debug|Any CPU
		{9A5052E1-74A6-45D4-9EEE-046F3D0D21FA}.Debug|Any CPU.Build.0 = Debug|Any CPU
		{9A5052E1-74A6-45D4-9EEE-046F3D0D21FA}.Release|Any CPU.ActiveCfg = Release|Any CPU
		{9A5052E1-74A6-45D4-9EEE-046F3D0D21FA}.Release|Any CPU.Build.0 = Release|Any CPU
		{854FE61B-35AA-4526-87A9-F5821ACDCD6A}.Debug|Any CPU.ActiveCfg = Debug|Any CPU
		{854FE61B-35AA-4526-87A9-F5821ACDCD6A}.Debug|Any CPU.Build.0 = Debug|Any CPU
		{854FE61B-35AA-4526-87A9-F5821ACDCD6A}.Release|Any CPU.ActiveCfg = Release|Any CPU
		{854FE61B-35AA-4526-87A9-F5821ACDCD6A}.Release|Any CPU.Build.0 = Release|Any CPU
	EndGlobalSection
	GlobalSection(SolutionProperties) = preSolution
		HideSolutionNode = FALSE
	EndGlobalSection
	GlobalSection(NestedProjects) = preSolution
		{774CCD7D-ED3B-4D75-8A7F-CEFC745765DB} = {076B77A3-2483-43F0-9675-10B06DD3A6E6}
		{98BEA6C6-7D0C-4A74-86D3-804C1C4A952A} = {076B77A3-2483-43F0-9675-10B06DD3A6E6}
		{BB4065A0-4F12-4A4F-AB3A-02F5EDBDC364} = {774CCD7D-ED3B-4D75-8A7F-CEFC745765DB}
		{A30CBE0D-AC3B-42DA-9B2C-A2720CF93E18} = {774CCD7D-ED3B-4D75-8A7F-CEFC745765DB}
		{E9E74BD8-9237-4CB9-B467-71D693A2EBA9} = {774CCD7D-ED3B-4D75-8A7F-CEFC745765DB}
		{01A48F13-3A26-4E55-88C6-9586F8770719} = {774CCD7D-ED3B-4D75-8A7F-CEFC745765DB}
		{1E6BED77-EB85-4EC8-BE0F-7E8A57F3D4AF} = {076B77A3-2483-43F0-9675-10B06DD3A6E6}
		{62F3CE9E-F64E-4E49-AE43-7F39939B1326} = {98BEA6C6-7D0C-4A74-86D3-804C1C4A952A}
		{29BE63A8-5FEB-4C07-A0DD-89161A1513DF} = {1E6BED77-EB85-4EC8-BE0F-7E8A57F3D4AF}
		{8C9C1E24-70ED-470B-9CA3-026EC06AC89A} = {BF604B02-EA9B-4EE8-A7F0-EDD07B387082}
		{92C95CBF-34E1-446C-8A6A-C35CB02C1036} = {774CCD7D-ED3B-4D75-8A7F-CEFC745765DB}
		{22054235-5C0C-402B-A353-082290E07760} = {98BEA6C6-7D0C-4A74-86D3-804C1C4A952A}
		{CB696684-000D-40B3-9B3A-CE33027A6F86} = {1E6BED77-EB85-4EC8-BE0F-7E8A57F3D4AF}
		{3A7E7069-45EC-4D5E-AA5F-2B914EF73113} = {1E6BED77-EB85-4EC8-BE0F-7E8A57F3D4AF}
		{EC37B594-F591-415B-BD9C-A9AE82FD24AC} = {98BEA6C6-7D0C-4A74-86D3-804C1C4A952A}
		{9105EC15-95E5-47D6-8BDD-0684CD9EF880} = {BF604B02-EA9B-4EE8-A7F0-EDD07B387082}
		{9A5052E1-74A6-45D4-9EEE-046F3D0D21FA} = {076B77A3-2483-43F0-9675-10B06DD3A6E6}
		{854FE61B-35AA-4526-87A9-F5821ACDCD6A} = {BF604B02-EA9B-4EE8-A7F0-EDD07B387082}
	EndGlobalSection
	GlobalSection(ExtensibilityGlobals) = postSolution
		SolutionGuid = {822AAF83-FC8D-42BE-9726-63314F24EB10}
	EndGlobalSection
EndGlobal
